{
  "name": "projects",
  "lockfileVersion": 3,
  "requires": true,
  "packages": {
    "": {
      "dependencies": {
        "@syncfusion/ej2-react-schedule": "^21.2.9"
      }
    },
    "node_modules/@syncfusion/ej2-base": {
      "version": "21.2.9",
      "resolved": "https://registry.npmjs.org/@syncfusion/ej2-base/-/ej2-base-21.2.9.tgz",
      "integrity": "sha512-H9RzMPW4I+8dvhdnqcJc+Nc1WHy1v+EKMjxy9MkK/fSaDcz++SotDQ4dZpOIq4/5zQIwW3yZErRtKUU6eM6WKA==",
      "dependencies": {
        "@syncfusion/ej2-icons": "~21.2.3"
      },
      "bin": {
        "syncfusion-license": "bin/syncfusion-license.js"
      }
    },
    "node_modules/@syncfusion/ej2-buttons": {
      "version": "21.2.6",
      "resolved": "https://registry.npmjs.org/@syncfusion/ej2-buttons/-/ej2-buttons-21.2.6.tgz",
      "integrity": "sha512-o5BpoJki1CPsfW98HRpzgg7xt63IZoKcFGPatj8p+pSb9sawVuPpCOsomdZOTB+xRJgGKSCRUVgFA7pnaZrl5w==",
      "dependencies": {
        "@syncfusion/ej2-base": "~21.2.3"
      }
    },
    "node_modules/@syncfusion/ej2-calendars": {
      "version": "21.2.9",
      "resolved": "https://registry.npmjs.org/@syncfusion/ej2-calendars/-/ej2-calendars-21.2.9.tgz",
      "integrity": "sha512-3DJOl2PjJNyhA3MLEV4hGIIj6KaMtktUCPlOpiypalfhcQQFBWdj6En9PQnAYIUa3BqRHxz2aoE9h/7ms5jPmQ==",
      "dependencies": {
        "@syncfusion/ej2-base": "~21.2.9",
        "@syncfusion/ej2-buttons": "~21.2.6",
        "@syncfusion/ej2-inputs": "~21.2.9",
        "@syncfusion/ej2-lists": "~21.2.9",
        "@syncfusion/ej2-popups": "~21.2.4"
      }
    },
    "node_modules/@syncfusion/ej2-compression": {
      "version": "21.2.3",
      "resolved": "https://registry.npmjs.org/@syncfusion/ej2-compression/-/ej2-compression-21.2.3.tgz",
      "integrity": "sha512-J2bqSwG8AoGB0fkEQcdMTPwMDwNU9CP3LqS3P7UptG1dzJfVSDBIMRXQMQGiWSomjXPuqvgFtAKXISp6noY+wA==",
      "dependencies": {
        "@syncfusion/ej2-file-utils": "~21.2.3"
      }
    },
    "node_modules/@syncfusion/ej2-data": {
      "version": "21.2.9",
      "resolved": "https://registry.npmjs.org/@syncfusion/ej2-data/-/ej2-data-21.2.9.tgz",
      "integrity": "sha512-YIJuxuFyVqcYppCIbyr4xPS+e36bWTg7ykGbHTPcXsxLVodda74lNfRT9r+blZL85nJ/PQmpq2WQ80432Z+wgg==",
      "dependencies": {
        "@syncfusion/ej2-base": "~21.2.9"
      }
    },
    "node_modules/@syncfusion/ej2-dropdowns": {
      "version": "21.2.8",
      "resolved": "https://registry.npmjs.org/@syncfusion/ej2-dropdowns/-/ej2-dropdowns-21.2.8.tgz",
      "integrity": "sha512-0ydvjc3mpQeF8L/XltqS7D+sKt9tj1aSih0fK22rKJdWZPhOWpVVOxARyvRCVI+GW3fgr5+NLYz073keGRae/Q==",
      "dependencies": {
        "@syncfusion/ej2-base": "~21.2.3",
        "@syncfusion/ej2-data": "~21.2.8",
        "@syncfusion/ej2-inputs": "~21.2.8",
        "@syncfusion/ej2-lists": "~21.2.6",
        "@syncfusion/ej2-navigations": "~21.2.8",
        "@syncfusion/ej2-popups": "~21.2.4"
      }
    },
    "node_modules/@syncfusion/ej2-excel-export": {
      "version": "21.2.8",
      "resolved": "https://registry.npmjs.org/@syncfusion/ej2-excel-export/-/ej2-excel-export-21.2.8.tgz",
      "integrity": "sha512-dQAY7qAxZuk/dVSay4DC2DFDDVluLpjJCk+3TBvb2LjHpUCtygBjLECpwfhgoXN6eGc3Eh3jpW0lR7Mj5m4Z2Q==",
      "dependencies": {
        "@syncfusion/ej2-base": "~21.2.3",
        "@syncfusion/ej2-compression": "~21.2.3"
      }
    },
    "node_modules/@syncfusion/ej2-file-utils": {
      "version": "21.2.3",
      "resolved": "https://registry.npmjs.org/@syncfusion/ej2-file-utils/-/ej2-file-utils-21.2.3.tgz",
      "integrity": "sha512-fOvqTeRgKTkQSpHlSF6P1Twoa5DRrTq6Cs2lhnNyD26PofAh/58Zi88jJ+pdehtQb1JeAzxpvPJO2wiZ27VqjA=="
    },
    "node_modules/@syncfusion/ej2-icons": {
      "version": "21.2.3",
      "resolved": "https://registry.npmjs.org/@syncfusion/ej2-icons/-/ej2-icons-21.2.3.tgz",
      "integrity": "sha512-LSu+sXQHRO6eTjD1D66GPQALoUMVRZXeLnZ86WWAI7V3j8rfCDAiI4tG8XQ7nncuHgGO2e36T9A70J1eRh0/ng=="
    },
    "node_modules/@syncfusion/ej2-inputs": {
      "version": "21.2.9",
      "resolved": "https://registry.npmjs.org/@syncfusion/ej2-inputs/-/ej2-inputs-21.2.9.tgz",
      "integrity": "sha512-V8b6cuNRKY1ilxKkBuNGg0fKopxcmCohoOWVfOR3tH57bGO9CXzNXahpEi4LN+pVDvENLl1xpA8mEx3tQz1dFA==",
      "dependencies": {
        "@syncfusion/ej2-base": "~21.2.9",
        "@syncfusion/ej2-buttons": "~21.2.6",
        "@syncfusion/ej2-popups": "~21.2.4",
        "@syncfusion/ej2-splitbuttons": "~21.2.5"
      }
    },
    "node_modules/@syncfusion/ej2-lists": {
      "version": "21.2.9",
      "resolved": "https://registry.npmjs.org/@syncfusion/ej2-lists/-/ej2-lists-21.2.9.tgz",
      "integrity": "sha512-+7wNUm3OVuvwePVIRvlc0cevs5zyyk4fl7y53wSNr+9r3W3iFWl0HdMv6zqVgtDMBnYjT1pTh3uVkA+kQebtFw==",
      "dependencies": {
        "@syncfusion/ej2-base": "~21.2.9",
        "@syncfusion/ej2-buttons": "~21.2.6",
        "@syncfusion/ej2-data": "~21.2.9"
      }
    },
    "node_modules/@syncfusion/ej2-navigations": {
      "version": "21.2.9",
      "resolved": "https://registry.npmjs.org/@syncfusion/ej2-navigations/-/ej2-navigations-21.2.9.tgz",
      "integrity": "sha512-0vAVh+XSbVv3gfmum8MQ8aR5ZnH1UZt0YpvzX4eLB7FDmsZKSxD2ytS3Q73CsWkaLmnZsqaQ7xkFChCPxzqxlA==",
      "dependencies": {
        "@syncfusion/ej2-base": "~21.2.9",
        "@syncfusion/ej2-buttons": "~21.2.6",
        "@syncfusion/ej2-data": "~21.2.9",
        "@syncfusion/ej2-inputs": "~21.2.9",
        "@syncfusion/ej2-lists": "~21.2.9",
        "@syncfusion/ej2-popups": "~21.2.4"
      }
    },
    "node_modules/@syncfusion/ej2-popups": {
      "version": "21.2.4",
      "resolved": "https://registry.npmjs.org/@syncfusion/ej2-popups/-/ej2-popups-21.2.4.tgz",
      "integrity": "sha512-M2uRhzQ8pyLbzbu2Z7WvaLqOF2N5EO+bY9fyu2ZNGGGIqyi8Htgi0B91FutH7/UKYuqJEC2GolH+svu8ANuF+A==",
      "dependencies": {
        "@syncfusion/ej2-base": "~21.2.3",
        "@syncfusion/ej2-buttons": "~21.2.3"
      }
    },
    "node_modules/@syncfusion/ej2-react-base": {
      "version": "21.2.8",
      "resolved": "https://registry.npmjs.org/@syncfusion/ej2-react-base/-/ej2-react-base-21.2.8.tgz",
      "integrity": "sha512-7wzLi2r3xw7XElh0sCqecbVrfQrcVbHEuLoX4HjELsHWLiHL+yZbGJ/cxOQ6jilesghvBeV4qHUiP1H9e7bY4Q==",
      "dependencies": {
        "@syncfusion/ej2-base": "~21.2.3"
      }
    },
    "node_modules/@syncfusion/ej2-react-schedule": {
      "version": "21.2.9",
      "resolved": "https://registry.npmjs.org/@syncfusion/ej2-react-schedule/-/ej2-react-schedule-21.2.9.tgz",
      "integrity": "sha512-z7Np5DZdT/aLxr2TBs06nZ0SWKML7410zs+0Oo7lL9cQ0htjjvFlDXo3dekhtcFZbxdlH+2EOA8dC0s7cI8ZSg==",
      "dependencies": {
        "@syncfusion/ej2-base": "~21.2.9",
        "@syncfusion/ej2-react-base": "~21.2.8",
        "@syncfusion/ej2-schedule": "21.2.9"
      }
    },
    "node_modules/@syncfusion/ej2-schedule": {
      "version": "21.2.9",
      "resolved": "https://registry.npmjs.org/@syncfusion/ej2-schedule/-/ej2-schedule-21.2.9.tgz",
      "integrity": "sha512-YXGeM7n/3rxAmEZlJ9XeISj/UNLi5RLtdQimynifUT0GQr3jW4aB3L/cZaHmmoq6TH0t31VkZVTjZa43jgABfA==",
      "dependencies": {
        "@syncfusion/ej2-base": "~21.2.9",
        "@syncfusion/ej2-buttons": "~21.2.6",
        "@syncfusion/ej2-calendars": "~21.2.9",
        "@syncfusion/ej2-data": "~21.2.9",
        "@syncfusion/ej2-dropdowns": "~21.2.8",
        "@syncfusion/ej2-excel-export": "~21.2.8",
        "@syncfusion/ej2-inputs": "~21.2.9",
        "@syncfusion/ej2-lists": "~21.2.9",
        "@syncfusion/ej2-navigations": "~21.2.9",
        "@syncfusion/ej2-popups": "~21.2.4"
      }
    },
    "node_modules/@syncfusion/ej2-splitbuttons": {
      "version": "21.2.5",
      "resolved": "https://registry.npmjs.org/@syncfusion/ej2-splitbuttons/-/ej2-splitbuttons-21.2.5.tgz",
      "integrity": "sha512-SCyYHcstrA5FU9corJxZMjoDjsIRZYDFvSLKyyrfPYgI9Ece2Sr87EGGeYf4WHBxJlpQ3Qcrn0zvwTB1ND5mwQ==",
      "dependencies": {
        "@syncfusion/ej2-base": "~21.2.3",
        "@syncfusion/ej2-popups": "~21.2.4"
      }
    }
  }
}
